
Microsoft Visual Studio Solution File, Format Version 12.00
# Visual Studio Version 16
VisualStudioVersion = 16.0.31729.503
MinimumVisualStudioVersion = 10.0.40219.1
Project("{9A19103F-16F7-4668-BE54-9A1E7A4F7556}") = "Mc2.CrudTest.Presentation.Front", "Mc2.CrudTest.Presentation\Front\Mc2.CrudTest.Presentation.Front.csproj", "{4B62EAE3-1858-4833-9E36-EE77FADC2328}"
EndProject
Project("{9A19103F-16F7-4668-BE54-9A1E7A4F7556}") = "Mc2.CrudTest.AcceptanceTests", "Mc2.CrudTest.AcceptanceTests\Mc2.CrudTest.AcceptanceTests.csproj", "{00E0E714-1EB4-4B62-950F-AE7C3BFD6766}"
EndProject
Project("{9A19103F-16F7-4668-BE54-9A1E7A4F7556}") = "Mc2.CrudTest.Shared", "Mc2.CrudTest.Presentation\Shared\Mc2.CrudTest.Shared.csproj", "{661369DC-0F78-4889-BA3B-639513A49789}"
EndProject
Project("{9A19103F-16F7-4668-BE54-9A1E7A4F7556}") = "Mc2.CrudTest.Presentation.Server", "Mc2.CrudTest.Presentation\Server\Mc2.CrudTest.Presentation.Server.csproj", "{8D41010B-AEF1-4742-B7EC-6A5AE62C45FC}"
EndProject
Project("{FAE04EC0-301F-11D3-BF4B-00C04F79EFBC}") = "CustomerAPI", "CustomerAPI\CustomerAPI.csproj", "{D99904A3-1FBD-45C0-A294-503FA546DBA6}"
EndProject
Project("{FAE04EC0-301F-11D3-BF4B-00C04F79EFBC}") = "CustomerAPI.Presentation", "CustomerAPI.Presentation\CustomerAPI.Presentation.csproj", "{727012FB-1E68-4D7F-8BA2-9283C726BE82}"
EndProject
Project("{FAE04EC0-301F-11D3-BF4B-00C04F79EFBC}") = "Application", "Application\Application.csproj", "{B4343EAA-52D3-4BF6-882B-2F44ED2B5D11}"
EndProject
Project("{FAE04EC0-301F-11D3-BF4B-00C04F79EFBC}") = "Entities", "Entities\Entities.csproj", "{7E3BF6CA-0BAF-4504-8F03-66CBD2E353FA}"
EndProject
Project("{FAE04EC0-301F-11D3-BF4B-00C04F79EFBC}") = "Contracts", "Contracts\Contracts.csproj", "{230B91AE-5B8B-4BF6-84C7-9DF819BACE75}"
EndProject
Project("{FAE04EC0-301F-11D3-BF4B-00C04F79EFBC}") = "Repository", "Repository\Repository.csproj", "{487D1C93-4881-49C7-8978-2F17AF47D1B3}"
EndProject
Project("{FAE04EC0-301F-11D3-BF4B-00C04F79EFBC}") = "Shared", "Shared\Shared.csproj", "{987F57EA-48E8-4399-851C-F33A3D1AD0A5}"
EndProject
Global
	GlobalSection(SolutionConfigurationPlatforms) = preSolution
		Debug|Any CPU = Debug|Any CPU
		Release|Any CPU = Release|Any CPU
	EndGlobalSection
	GlobalSection(ProjectConfigurationPlatforms) = postSolution
		{4B62EAE3-1858-4833-9E36-EE77FADC2328}.Debug|Any CPU.ActiveCfg = Debug|Any CPU
		{4B62EAE3-1858-4833-9E36-EE77FADC2328}.Debug|Any CPU.Build.0 = Debug|Any CPU
		{4B62EAE3-1858-4833-9E36-EE77FADC2328}.Release|Any CPU.ActiveCfg = Release|Any CPU
		{4B62EAE3-1858-4833-9E36-EE77FADC2328}.Release|Any CPU.Build.0 = Release|Any CPU
		{00E0E714-1EB4-4B62-950F-AE7C3BFD6766}.Debug|Any CPU.ActiveCfg = Debug|Any CPU
		{00E0E714-1EB4-4B62-950F-AE7C3BFD6766}.Debug|Any CPU.Build.0 = Debug|Any CPU
		{00E0E714-1EB4-4B62-950F-AE7C3BFD6766}.Release|Any CPU.ActiveCfg = Release|Any CPU
		{00E0E714-1EB4-4B62-950F-AE7C3BFD6766}.Release|Any CPU.Build.0 = Release|Any CPU
		{661369DC-0F78-4889-BA3B-639513A49789}.Debug|Any CPU.ActiveCfg = Debug|Any CPU
		{661369DC-0F78-4889-BA3B-639513A49789}.Debug|Any CPU.Build.0 = Debug|Any CPU
		{661369DC-0F78-4889-BA3B-639513A49789}.Release|Any CPU.ActiveCfg = Release|Any CPU
		{661369DC-0F78-4889-BA3B-639513A49789}.Release|Any CPU.Build.0 = Release|Any CPU
		{8D41010B-AEF1-4742-B7EC-6A5AE62C45FC}.Debug|Any CPU.ActiveCfg = Debug|Any CPU
		{8D41010B-AEF1-4742-B7EC-6A5AE62C45FC}.Debug|Any CPU.Build.0 = Debug|Any CPU
		{8D41010B-AEF1-4742-B7EC-6A5AE62C45FC}.Release|Any CPU.ActiveCfg = Release|Any CPU
		{8D41010B-AEF1-4742-B7EC-6A5AE62C45FC}.Release|Any CPU.Build.0 = Release|Any CPU
		{D99904A3-1FBD-45C0-A294-503FA546DBA6}.Debug|Any CPU.ActiveCfg = Debug|Any CPU
		{D99904A3-1FBD-45C0-A294-503FA546DBA6}.Debug|Any CPU.Build.0 = Debug|Any CPU
		{D99904A3-1FBD-45C0-A294-503FA546DBA6}.Release|Any CPU.ActiveCfg = Release|Any CPU
		{D99904A3-1FBD-45C0-A294-503FA546DBA6}.Release|Any CPU.Build.0 = Release|Any CPU
		{727012FB-1E68-4D7F-8BA2-9283C726BE82}.Debug|Any CPU.ActiveCfg = Debug|Any CPU
		{727012FB-1E68-4D7F-8BA2-9283C726BE82}.Debug|Any CPU.Build.0 = Debug|Any CPU
		{727012FB-1E68-4D7F-8BA2-9283C726BE82}.Release|Any CPU.ActiveCfg = Release|Any CPU
		{727012FB-1E68-4D7F-8BA2-9283C726BE82}.Release|Any CPU.Build.0 = Release|Any CPU
		{B4343EAA-52D3-4BF6-882B-2F44ED2B5D11}.Debug|Any CPU.ActiveCfg = Debug|Any CPU
		{B4343EAA-52D3-4BF6-882B-2F44ED2B5D11}.Debug|Any CPU.Build.0 = Debug|Any CPU
		{B4343EAA-52D3-4BF6-882B-2F44ED2B5D11}.Release|Any CPU.ActiveCfg = Release|Any CPU
		{B4343EAA-52D3-4BF6-882B-2F44ED2B5D11}.Release|Any CPU.Build.0 = Release|Any CPU
		{7E3BF6CA-0BAF-4504-8F03-66CBD2E353FA}.Debug|Any CPU.ActiveCfg = Debug|Any CPU
		{7E3BF6CA-0BAF-4504-8F03-66CBD2E353FA}.Debug|Any CPU.Build.0 = Debug|Any CPU
		{7E3BF6CA-0BAF-4504-8F03-66CBD2E353FA}.Release|Any CPU.ActiveCfg = Release|Any CPU
		{7E3BF6CA-0BAF-4504-8F03-66CBD2E353FA}.Release|Any CPU.Build.0 = Release|Any CPU
		{230B91AE-5B8B-4BF6-84C7-9DF819BACE75}.Debug|Any CPU.ActiveCfg = Debug|Any CPU
		{230B91AE-5B8B-4BF6-84C7-9DF819BACE75}.Debug|Any CPU.Build.0 = Debug|Any CPU
		{230B91AE-5B8B-4BF6-84C7-9DF819BACE75}.Release|Any CPU.ActiveCfg = Release|Any CPU
		{230B91AE-5B8B-4BF6-84C7-9DF819BACE75}.Release|Any CPU.Build.0 = Release|Any CPU
		{487D1C93-4881-49C7-8978-2F17AF47D1B3}.Debug|Any CPU.ActiveCfg = Debug|Any CPU
		{487D1C93-4881-49C7-8978-2F17AF47D1B3}.Debug|Any CPU.Build.0 = Debug|Any CPU
		{487D1C93-4881-49C7-8978-2F17AF47D1B3}.Release|Any CPU.ActiveCfg = Release|Any CPU
		{487D1C93-4881-49C7-8978-2F17AF47D1B3}.Release|Any CPU.Build.0 = Release|Any CPU
		{987F57EA-48E8-4399-851C-F33A3D1AD0A5}.Debug|Any CPU.ActiveCfg = Debug|Any CPU
		{987F57EA-48E8-4399-851C-F33A3D1AD0A5}.Debug|Any CPU.Build.0 = Debug|Any CPU
		{987F57EA-48E8-4399-851C-F33A3D1AD0A5}.Release|Any CPU.ActiveCfg = Release|Any CPU
		{987F57EA-48E8-4399-851C-F33A3D1AD0A5}.Release|Any CPU.Build.0 = Release|Any CPU
	EndGlobalSection
	GlobalSection(SolutionProperties) = preSolution
		HideSolutionNode = FALSE
	EndGlobalSection
	GlobalSection(ExtensibilityGlobals) = postSolution
		Solutionint = {4B5A26C9-68C1-49D9-9F32-AF907A1730C2}
	EndGlobalSection
EndGlobal
